
Microsoft Visual Studio Solution File, Format Version 12.00
# Visual Studio Version 17
VisualStudioVersion = 17.5.33516.290
MinimumVisualStudioVersion = 10.0.40219.1
Project("{54A90642-561A-4BB1-A94E-469ADEE60C69}") = "reactapp", "reactapp\reactapp.esproj", "{A3A5C69E-C45A-40B4-9E8F-B41D450C902D}"
EndProject
Project("{9A19103F-16F7-4668-BE54-9A1E7A4F7556}") = "webapi", "webapi\webapi.csproj", "{5123B439-E0CB-45BA-94E5-3FBD1413F931}"
EndProject
Global
	GlobalSection(SolutionConfigurationPlatforms) = preSolution
		Debug|Any CPU = Debug|Any CPU
		Release|Any CPU = Release|Any CPU
	EndGlobalSection
	GlobalSection(ProjectConfigurationPlatforms) = postSolution
		{A3A5C69E-C45A-40B4-9E8F-B41D450C902D}.Debug|Any CPU.ActiveCfg = Debug|Any CPU
		{A3A5C69E-C45A-40B4-9E8F-B41D450C902D}.Debug|Any CPU.Build.0 = Debug|Any CPU
		{A3A5C69E-C45A-40B4-9E8F-B41D450C902D}.Debug|Any CPU.Deploy.0 = Debug|Any CPU
		{A3A5C69E-C45A-40B4-9E8F-B41D450C902D}.Release|Any CPU.ActiveCfg = Release|Any CPU
		{A3A5C69E-C45A-40B4-9E8F-B41D450C902D}.Release|Any CPU.Build.0 = Release|Any CPU
		{A3A5C69E-C45A-40B4-9E8F-B41D450C902D}.Release|Any CPU.Deploy.0 = Release|Any CPU
		{5123B439-E0CB-45BA-94E5-3FBD1413F931}.Debug|Any CPU.ActiveCfg = Debug|Any CPU
		{5123B439-E0CB-45BA-94E5-3FBD1413F931}.Debug|Any CPU.Build.0 = Debug|Any CPU
		{5123B439-E0CB-45BA-94E5-3FBD1413F931}.Release|Any CPU.ActiveCfg = Release|Any CPU
		{5123B439-E0CB-45BA-94E5-3FBD1413F931}.Release|Any CPU.Build.0 = Release|Any CPU
	EndGlobalSection
	GlobalSection(SolutionProperties) = preSolution
		HideSolutionNode = FALSE
	EndGlobalSection
	GlobalSection(ExtensibilityGlobals) = postSolution
		SolutionGuid = {D56472A2-4DA1-4C2E-A5FB-BC8A734D9B00}
	EndGlobalSection
EndGlobal
